
Microsoft Visual Studio Solution File, Format Version 12.00
# Visual Studio Version 17
VisualStudioVersion = 17.4.33122.133
MinimumVisualStudioVersion = 10.0.40219.1
Project("{FAE04EC0-301F-11D3-BF4B-00C04F79EFBC}") = "NewYearApp", "NewYearApp\NewYearApp.csproj", "{FB260087-B3DE-4AC7-906A-50905EB1E493}"
EndProject
Project("{FAE04EC0-301F-11D3-BF4B-00C04F79EFBC}") = "DomainLayer", "DomainLayer\DomainLayer.csproj", "{D33BE6AB-26A9-416E-A9D2-A8648FA79A70}"
EndProject
Project("{FAE04EC0-301F-11D3-BF4B-00C04F79EFBC}") = "ServiceLayer", "ServiceLayer\ServiceLayer.csproj", "{29F3438E-0B94-4E8E-9272-3CAE7A1D0AEA}"
EndProject
Global
	GlobalSection(SolutionConfigurationPlatforms) = preSolution
		Debug|Any CPU = Debug|Any CPU
		Release|Any CPU = Release|Any CPU
	EndGlobalSection
	GlobalSection(ProjectConfigurationPlatforms) = postSolution
		{FB260087-B3DE-4AC7-906A-50905EB1E493}.Debug|Any CPU.ActiveCfg = Debug|Any CPU
		{FB260087-B3DE-4AC7-906A-50905EB1E493}.Debug|Any CPU.Build.0 = Debug|Any CPU
		{FB260087-B3DE-4AC7-906A-50905EB1E493}.Release|Any CPU.ActiveCfg = Release|Any CPU
		{FB260087-B3DE-4AC7-906A-50905EB1E493}.Release|Any CPU.Build.0 = Release|Any CPU
		{D33BE6AB-26A9-416E-A9D2-A8648FA79A70}.Debug|Any CPU.ActiveCfg = Debug|Any CPU
		{D33BE6AB-26A9-416E-A9D2-A8648FA79A70}.Debug|Any CPU.Build.0 = Debug|Any CPU
		{D33BE6AB-26A9-416E-A9D2-A8648FA79A70}.Release|Any CPU.ActiveCfg = Release|Any CPU
		{D33BE6AB-26A9-416E-A9D2-A8648FA79A70}.Release|Any CPU.Build.0 = Release|Any CPU
		{29F3438E-0B94-4E8E-9272-3CAE7A1D0AEA}.Debug|Any CPU.ActiveCfg = Debug|Any CPU
		{29F3438E-0B94-4E8E-9272-3CAE7A1D0AEA}.Debug|Any CPU.Build.0 = Debug|Any CPU
		{29F3438E-0B94-4E8E-9272-3CAE7A1D0AEA}.Release|Any CPU.ActiveCfg = Release|Any CPU
		{29F3438E-0B94-4E8E-9272-3CAE7A1D0AEA}.Release|Any CPU.Build.0 = Release|Any CPU
	EndGlobalSection
	GlobalSection(SolutionProperties) = preSolution
		HideSolutionNode = FALSE
	EndGlobalSection
	GlobalSection(ExtensibilityGlobals) = postSolution
		SolutionGuid = {C8B2A090-31EF-48B4-8A89-A06EBC7DF6E6}
	EndGlobalSection
EndGlobal
